
Microsoft Visual Studio Solution File, Format Version 12.00
# Visual Studio Version 17
VisualStudioVersion = 17.2.32516.85
MinimumVisualStudioVersion = 10.0.40219.1
Project("{9A19103F-16F7-4668-BE54-9A1E7A4F7556}") = "AdoNetProject", "AdoNetProject\AdoNetProject.csproj", "{287F25E2-761A-482F-BEC1-81565DFD96A5}"
EndProject
Project("{9A19103F-16F7-4668-BE54-9A1E7A4F7556}") = "EntityFrameworkDemo", "EntityFrameworkDemo\EntityFrameworkDemo.csproj", "{017838BA-F5DF-4521-82C7-02F81089BEE9}"
EndProject
Project("{FAE04EC0-301F-11D3-BF4B-00C04F79EFBC}") = "RecapFormProject", "RecapFormProject\RecapFormProject.csproj", "{C149AC96-0410-4C87-B430-90CDF11AA68C}"
EndProject
Global
	GlobalSection(SolutionConfigurationPlatforms) = preSolution
		Debug|Any CPU = Debug|Any CPU
		Release|Any CPU = Release|Any CPU
	EndGlobalSection
	GlobalSection(ProjectConfigurationPlatforms) = postSolution
		{287F25E2-761A-482F-BEC1-81565DFD96A5}.Debug|Any CPU.ActiveCfg = Debug|Any CPU
		{287F25E2-761A-482F-BEC1-81565DFD96A5}.Debug|Any CPU.Build.0 = Debug|Any CPU
		{287F25E2-761A-482F-BEC1-81565DFD96A5}.Release|Any CPU.ActiveCfg = Release|Any CPU
		{287F25E2-761A-482F-BEC1-81565DFD96A5}.Release|Any CPU.Build.0 = Release|Any CPU
		{017838BA-F5DF-4521-82C7-02F81089BEE9}.Debug|Any CPU.ActiveCfg = Debug|Any CPU
		{017838BA-F5DF-4521-82C7-02F81089BEE9}.Debug|Any CPU.Build.0 = Debug|Any CPU
		{017838BA-F5DF-4521-82C7-02F81089BEE9}.Release|Any CPU.ActiveCfg = Release|Any CPU
		{017838BA-F5DF-4521-82C7-02F81089BEE9}.Release|Any CPU.Build.0 = Release|Any CPU
		{C149AC96-0410-4C87-B430-90CDF11AA68C}.Debug|Any CPU.ActiveCfg = Debug|Any CPU
		{C149AC96-0410-4C87-B430-90CDF11AA68C}.Debug|Any CPU.Build.0 = Debug|Any CPU
		{C149AC96-0410-4C87-B430-90CDF11AA68C}.Release|Any CPU.ActiveCfg = Release|Any CPU
		{C149AC96-0410-4C87-B430-90CDF11AA68C}.Release|Any CPU.Build.0 = Release|Any CPU
	EndGlobalSection
	GlobalSection(SolutionProperties) = preSolution
		HideSolutionNode = FALSE
	EndGlobalSection
	GlobalSection(ExtensibilityGlobals) = postSolution
		SolutionGuid = {96D72309-3447-42E6-B3BB-E1AA6B7195E3}
	EndGlobalSection
EndGlobal
